# This file was autogenerated by Stack.
# You should not edit this file by hand.
# For more information, please see the documentation at:
#   https://docs.haskellstack.org/en/stable/lock_files

packages:
- completed:
    name: hslua
    version: 1.0.3.2
    git: https://github.com/amuletml/hslua
    pantry-tree:
      size: 7320
      sha256: 0abeba67a781c297db1c6c5d232aff563be5a22cf2403da813a997c35864211f
    commit: fb3454f06ab62130fc31d7f40e153a08450999c9
  original:
    git: https://github.com/amuletml/hslua
    commit: fb3454f06ab62130fc31d7f40e153a08450999c9
snapshots:
- completed:
    size: 587113
    url: https://raw.githubusercontent.com/commercialhaskell/stackage-snapshots/master/lts/18/6.yaml
    sha256: f74c482d7c93739ecf3abfbc0f2dea1c20a2dfb2462c689846ed55a9653b66f7
  original: lts-18.6
