# This file was autogenerated by Stack.
# You should not edit this file by hand.
# For more information, please see the documentation at:
#   https://docs.haskellstack.org/en/stable/lock_files

packages:
- completed:
    hackage: monad-chronicle-1@sha256:94640ed9f2899a6143eb6ffe1fa3f26c8c6de2b873417501c77b74b326513815,1822
    pantry-tree:
      size: 388
      sha256: 1868ea378b2ca289627ed50a71b5ba547afd94cc57ac0b710de4a9b162389687
  original:
    hackage: monad-chronicle-1@sha256:94640ed9f2899a6143eb6ffe1fa3f26c8c6de2b873417501c77b74b326513815,1822
- completed:
    hackage: these-lens-1@sha256:960f53c44201f5f67d0158162ce39cc7095b958d584d76a2aead358a54c137d3,1138
    pantry-tree:
      size: 222
      sha256: b81a5b7a4144dc1cad896e7ba5d3295400820576537dbc37a582fcf588d25a79
  original:
    hackage: these-lens-1@sha256:960f53c44201f5f67d0158162ce39cc7095b958d584d76a2aead358a54c137d3,1138
snapshots:
- completed:
    size: 523700
    url: https://raw.githubusercontent.com/commercialhaskell/stackage-snapshots/master/lts/14/7.yaml
    sha256: 8e3f3c894be74d71fa4bf085e0a8baae7e4d7622d07ea31a52736b80f8b9bb1a
  original: lts-14.7
